Microsoft Visual Studio Solution File, Format Version 12.00
# Visual Studio Version 17
VisualStudioVersion = 17.5.2.0
MinimumVisualStudioVersion = 10.0.40219.1
Project("{FAE04EC0-301F-11D3-BF4B-00C04F79EFBC}") = "client-server", "client-server\client-server.csproj", "{5C2AD835-8F40-C1AF-1468-AB67568C8AD8}"
EndProject
Project("{FAE04EC0-301F-11D3-BF4B-00C04F79EFBC}") = "peer-to-peer", "peer-to-peer\peer-to-peer.csproj", "{A209532B-CE3B-39C5-263E-B49093241A92}"
EndProject
Global
	GlobalSection(SolutionConfigurationPlatforms) = preSolution
		Debug|Any CPU = Debug|Any CPU
		Release|Any CPU = Release|Any CPU
	EndGlobalSection
	GlobalSection(ProjectConfigurationPlatforms) = postSolution
		{5C2AD835-8F40-C1AF-1468-AB67568C8AD8}.Debug|Any CPU.ActiveCfg = Debug|Any CPU
		{5C2AD835-8F40-C1AF-1468-AB67568C8AD8}.Debug|Any CPU.Build.0 = Debug|Any CPU
		{5C2AD835-8F40-C1AF-1468-AB67568C8AD8}.Release|Any CPU.ActiveCfg = Release|Any CPU
		{5C2AD835-8F40-C1AF-1468-AB67568C8AD8}.Release|Any CPU.Build.0 = Release|Any CPU
		{A209532B-CE3B-39C5-263E-B49093241A92}.Debug|Any CPU.ActiveCfg = Debug|Any CPU
		{A209532B-CE3B-39C5-263E-B49093241A92}.Debug|Any CPU.Build.0 = Debug|Any CPU
		{A209532B-CE3B-39C5-263E-B49093241A92}.Release|Any CPU.ActiveCfg = Release|Any CPU
		{A209532B-CE3B-39C5-263E-B49093241A92}.Release|Any CPU.Build.0 = Release|Any CPU
	EndGlobalSection
	GlobalSection(SolutionProperties) = preSolution
		HideSolutionNode = FALSE
	EndGlobalSection
	GlobalSection(ExtensibilityGlobals) = postSolution
		SolutionGuid = {3BF2104B-8D2B-459C-89FA-58B2024AF874}
	EndGlobalSection
EndGlobal
